<?xml version="1.0" encoding="utf-8"?>
<Project ToolsVersion="4.0" xmlns="http://schemas.microsoft.com/developer/msbuild/2003">
  <ItemGroup>
    <Filter Include="Source Files">
      <UniqueIdentifier>{4FC737F1-C7A5-4376-A066-2A32D752A2FF}</UniqueIdentifier>
      <Extensions>cpp;cxx;c;def</Extensions>
    </Filter>
    <Filter Include="Header Files">
      <UniqueIdentifier>{93995380-89BD-4b04-88EB-625FBE52EBFB}</UniqueIdentifier>
      <Extensions>h</Extensions>
    </Filter>
    <Filter Include="Form Files">
      <UniqueIdentifier>{99349809-55BA-4b9d-BF79-8FDBB0286EB3}</UniqueIdentifier>
      <Extensions>ui</Extensions>
    </Filter>
    <Filter Include="Resource Files">
      <UniqueIdentifier>{D9D6E242-F8AF-46E4-B9FD-80ECBC20BA3E}</UniqueIdentifier>
      <Extensions>qrc;*</Extensions>
      <ParseFiles>false</ParseFiles>
    </Filter>
    <Filter Include="Generated Files">
      <UniqueIdentifier>{71ED8ED8-ACB9-4CE9-BBE1-E00B30144E11}</UniqueIdentifier>
      <Extensions>moc;h;cpp</Extensions>
      <SourceControlFiles>False</SourceControlFiles>
    </Filter>
    <Filter Include="Generated Files\Debug">
      <UniqueIdentifier>{187c9622-0eb2-4bf0-be23-530ecccbbfc8}</UniqueIdentifier>
      <Extensions>cpp;moc</Extensions>
      <SourceControlFiles>False</SourceControlFiles>
    </Filter>
    <Filter Include="Generated Files\Release">
      <UniqueIdentifier>{d9145809-0e7a-4d9f-9a3b-600abf3c9827}</UniqueIdentifier>
      <Extensions>cpp;moc</Extensions>
      <SourceControlFiles>False</SourceControlFiles>
    </Filter>
    <Filter Include="Translation Files">
      <UniqueIdentifier>{639EADAA-A684-42e4-A9AD-28FC9BCB8F7C}</UniqueIdentifier>
      <Extensions>ts</Extensions>
      <ParseFiles>false</ParseFiles>
    </Filter>
  </ItemGroup>
  <ItemGroup>
    <ClCompile Include="main.cpp">
      <Filter>Source Files</Filter>
    </ClCompile>
    <ClCompile Include="cloud_terminal.cpp">
      <Filter>Source Files</Filter>
    </ClCompile>
    <ClCompile Include="GeneratedFiles\Debug\moc_cloud_terminal.cpp">
      <Filter>Generated Files\Debug</Filter>
    </ClCompile>
    <ClCompile Include="GeneratedFiles\Release\moc_cloud_terminal.cpp">
      <Filter>Generated Files\Release</Filter>
    </ClCompile>
    <ClCompile Include="GeneratedFiles\qrc_cloud_terminal.cpp">
      <Filter>Generated Files</Filter>
    </ClCompile>
    <ClCompile Include="mainwindow.cpp">
      <Filter>Source Files</Filter>
    </ClCompile>
    <ClCompile Include="GeneratedFiles\Debug\moc_mainwindow.cpp">
      <Filter>Generated Files\Debug</Filter>
    </ClCompile>
    <ClCompile Include="GeneratedFiles\Release\moc_mainwindow.cpp">
      <Filter>Generated Files\Release</Filter>
    </ClCompile>
    <ClCompile Include="GeneratedFiles\Debug\moc_clabel.cpp">
      <Filter>Generated Files\Debug</Filter>
    </ClCompile>
    <ClCompile Include="GeneratedFiles\Release\moc_clabel.cpp">
      <Filter>Generated Files\Release</Filter>
    </ClCompile>
    <ClCompile Include="clabel.cpp">
      <Filter>Source Files</Filter>
    </ClCompile>
    <ClCompile Include="util.cpp">
      <Filter>Source Files</Filter>
    </ClCompile>
    <ClCompile Include="cusercard.cpp">
      <Filter>Source Files</Filter>
    </ClCompile>
    <ClCompile Include="GeneratedFiles\Debug\moc_cusercard.cpp">
      <Filter>Generated Files\Debug</Filter>
    </ClCompile>
    <ClCompile Include="GeneratedFiles\Release\moc_cusercard.cpp">
      <Filter>Generated Files\Release</Filter>
    </ClCompile>
    <ClCompile Include="GeneratedFiles\Debug\moc_myclicklabel.cpp">
      <Filter>Generated Files\Debug</Filter>
    </ClCompile>
    <ClCompile Include="GeneratedFiles\Release\moc_myclicklabel.cpp">
      <Filter>Generated Files\Release</Filter>
    </ClCompile>
    <ClCompile Include="GeneratedFiles\Debug\moc_mytextedit.cpp">
      <Filter>Generated Files\Debug</Filter>
    </ClCompile>
    <ClCompile Include="GeneratedFiles\Release\moc_mytextedit.cpp">
      <Filter>Generated Files\Release</Filter>
    </ClCompile>
    <ClCompile Include="GeneratedFiles\Debug\moc_togglebutton.cpp">
      <Filter>Generated Files\Debug</Filter>
    </ClCompile>
    <ClCompile Include="GeneratedFiles\Release\moc_togglebutton.cpp">
      <Filter>Generated Files\Release</Filter>
    </ClCompile>
    <ClCompile Include="GeneratedFiles\Debug\moc_zc_message_box.cpp">
      <Filter>Generated Files\Debug</Filter>
    </ClCompile>
    <ClCompile Include="GeneratedFiles\Release\moc_zc_message_box.cpp">
      <Filter>Generated Files\Release</Filter>
    </ClCompile>
    <ClCompile Include="log.cpp">
      <Filter>Source Files</Filter>
    </ClCompile>
    <ClCompile Include="myclicklabel.cpp">
      <Filter>Source Files</Filter>
    </ClCompile>
    <ClCompile Include="mytextedit.cpp">
      <Filter>Source Files</Filter>
    </ClCompile>
    <ClCompile Include="togglebutton.cpp">
      <Filter>Source Files</Filter>
    </ClCompile>
    <ClCompile Include="zc_message_box.cpp">
      <Filter>Source Files</Filter>
    </ClCompile>
    <ClCompile Include="cuserpicpanel.cpp">
      <Filter>Source Files</Filter>
    </ClCompile>
    <ClCompile Include="GeneratedFiles\Debug\moc_cuserpicpanel.cpp">
      <Filter>Generated Files\Debug</Filter>
    </ClCompile>
    <ClCompile Include="GeneratedFiles\Release\moc_cuserpicpanel.cpp">
      <Filter>Generated Files\Release</Filter>
    </ClCompile>
    <ClCompile Include="mylabel.cpp">
      <Filter>Source Files</Filter>
    </ClCompile>
    <ClCompile Include="GeneratedFiles\Debug\moc_mylabel.cpp">
      <Filter>Generated Files\Debug</Filter>
    </ClCompile>
    <ClCompile Include="GeneratedFiles\Release\moc_mylabel.cpp">
      <Filter>Generated Files\Release</Filter>
    </ClCompile>
    <ClCompile Include="cleftarrawpwdedit.cpp">
      <Filter>Source Files</Filter>
    </ClCompile>
    <ClCompile Include="GeneratedFiles\Debug\moc_cleftarrawpwdedit.cpp">
      <Filter>Generated Files\Debug</Filter>
    </ClCompile>
    <ClCompile Include="GeneratedFiles\Release\moc_cleftarrawpwdedit.cpp">
      <Filter>Generated Files\Release</Filter>
    </ClCompile>
    <ClCompile Include="chostlist.cpp">
      <Filter>Source Files</Filter>
    </ClCompile>
    <ClCompile Include="GeneratedFiles\Debug\moc_chostlist.cpp">
      <Filter>Generated Files\Debug</Filter>
    </ClCompile>
    <ClCompile Include="GeneratedFiles\Release\moc_chostlist.cpp">
      <Filter>Generated Files\Release</Filter>
    </ClCompile>
    <ClCompile Include="cnetaboutspilter.cpp">
      <Filter>Source Files</Filter>
    </ClCompile>
    <ClCompile Include="GeneratedFiles\Debug\moc_cnetaboutspilter.cpp">
      <Filter>Generated Files\Debug</Filter>
    </ClCompile>
    <ClCompile Include="GeneratedFiles\Release\moc_cnetaboutspilter.cpp">
      <Filter>Generated Files\Release</Filter>
    </ClCompile>
    <ClCompile Include="cmenuwidget.cpp">
      <Filter>Source Files</Filter>
    </ClCompile>
    <ClCompile Include="GeneratedFiles\Debug\moc_cmenuwidget.cpp">
      <Filter>Generated Files\Debug</Filter>
    </ClCompile>
    <ClCompile Include="GeneratedFiles\Release\moc_cmenuwidget.cpp">
      <Filter>Generated Files\Release</Filter>
    </ClCompile>
    <ClCompile Include="ringlist.cpp">
      <Filter>Source Files</Filter>
    </ClCompile>
    <ClCompile Include="GeneratedFiles\Debug\moc_SpiceMulViewer.cpp">
      <Filter>Generated Files\Debug</Filter>
    </ClCompile>
    <ClCompile Include="GeneratedFiles\Release\moc_SpiceMulViewer.cpp">
      <Filter>Generated Files\Release</Filter>
    </ClCompile>
    <ClCompile Include="SpiceMulViewer.cpp">
      <Filter>Source Files</Filter>
    </ClCompile>
    <ClCompile Include="common_operater.cpp">
      <Filter>Source Files</Filter>
    </ClCompile>
    <ClCompile Include="GeneratedFiles\Debug\moc_menu_box.cpp">
      <Filter>Generated Files\Debug</Filter>
    </ClCompile>
    <ClCompile Include="GeneratedFiles\Release\moc_menu_box.cpp">
      <Filter>Generated Files\Release</Filter>
    </ClCompile>
    <ClCompile Include="menu_box.cpp">
      <Filter>Source Files</Filter>
    </ClCompile>
    <ClCompile Include="cdiagnoseitem.cpp">
      <Filter>Source Files</Filter>
    </ClCompile>
    <ClCompile Include="cesulabel.cpp">
      <Filter>Source Files</Filter>
    </ClCompile>
    <ClCompile Include="cfblbutton.cpp">
      <Filter>Source Files</Filter>
    </ClCompile>
    <ClCompile Include="cloading.cpp">
      <Filter>Source Files</Filter>
    </ClCompile>
    <ClCompile Include="clogthred.cpp">
      <Filter>Source Files</Filter>
    </ClCompile>
    <ClCompile Include="cloud_teminal_plugin_import.cpp">
      <Filter>Source Files</Filter>
    </ClCompile>
    <ClCompile Include="cmailboxwidget.cpp">
      <Filter>Source Files</Filter>
    </ClCompile>
    <ClCompile Include="cmaildelwidget.cpp">
      <Filter>Source Files</Filter>
    </ClCompile>
    <ClCompile Include="cmailitemwidget.cpp">
      <Filter>Source Files</Filter>
    </ClCompile>
    <ClCompile Include="cmailsearch.cpp">
      <Filter>Source Files</Filter>
    </ClCompile>
    <ClCompile Include="cmythread.cpp">
      <Filter>Source Files</Filter>
    </ClCompile>
    <ClCompile Include="cnetdiswidget.cpp">
      <Filter>Source Files</Filter>
    </ClCompile>
    <ClCompile Include="crolatepoint.cpp">
      <Filter>Source Files</Filter>
    </ClCompile>
    <ClCompile Include="ctoolbox.cpp">
      <Filter>Source Files</Filter>
    </ClCompile>
    <ClCompile Include="fbl_message_box.cpp">
      <Filter>Source Files</Filter>
    </ClCompile>
    <ClCompile Include="fblsetwidget.cpp">
      <Filter>Source Files</Filter>
    </ClCompile>
    <ClCompile Include="feedbackwidget.cpp">
      <Filter>Source Files</Filter>
    </ClCompile>
    <ClCompile Include="getway.cpp">
      <Filter>Source Files</Filter>
    </ClCompile>
    <ClCompile Include="mylog.cpp">
      <Filter>Source Files</Filter>
    </ClCompile>
    <ClCompile Include="qrectevent.cpp">
      <Filter>Source Files</Filter>
    </ClCompile>
    <ClCompile Include="UpdateWidget.cpp">
      <Filter>Source Files</Filter>
    </ClCompile>
    <ClCompile Include="GeneratedFiles\Debug\moc_cdiagnoseitem.cpp">
      <Filter>Generated Files\Debug</Filter>
    </ClCompile>
    <ClCompile Include="GeneratedFiles\Release\moc_cdiagnoseitem.cpp">
      <Filter>Generated Files\Release</Filter>
    </ClCompile>
    <ClCompile Include="GeneratedFiles\Debug\moc_cesulabel.cpp">
      <Filter>Generated Files\Debug</Filter>
    </ClCompile>
    <ClCompile Include="GeneratedFiles\Release\moc_cesulabel.cpp">
      <Filter>Generated Files\Release</Filter>
    </ClCompile>
    <ClCompile Include="GeneratedFiles\Debug\moc_cfblbutton.cpp">
      <Filter>Generated Files\Debug</Filter>
    </ClCompile>
    <ClCompile Include="GeneratedFiles\Release\moc_cfblbutton.cpp">
      <Filter>Generated Files\Release</Filter>
    </ClCompile>
    <ClCompile Include="GeneratedFiles\Debug\moc_cloading.cpp">
      <Filter>Generated Files\Debug</Filter>
    </ClCompile>
    <ClCompile Include="GeneratedFiles\Release\moc_cloading.cpp">
      <Filter>Generated Files\Release</Filter>
    </ClCompile>
    <ClCompile Include="GeneratedFiles\Debug\moc_clogthred.cpp">
      <Filter>Generated Files\Debug</Filter>
    </ClCompile>
    <ClCompile Include="GeneratedFiles\Release\moc_clogthred.cpp">
      <Filter>Generated Files\Release</Filter>
    </ClCompile>
    <ClCompile Include="GeneratedFiles\Debug\moc_cmailboxwidget.cpp">
      <Filter>Generated Files\Debug</Filter>
    </ClCompile>
    <ClCompile Include="GeneratedFiles\Release\moc_cmailboxwidget.cpp">
      <Filter>Generated Files\Release</Filter>
    </ClCompile>
    <ClCompile Include="GeneratedFiles\Debug\moc_cmaildelwidget.cpp">
      <Filter>Generated Files\Debug</Filter>
    </ClCompile>
    <ClCompile Include="GeneratedFiles\Release\moc_cmaildelwidget.cpp">
      <Filter>Generated Files\Release</Filter>
    </ClCompile>
    <ClCompile Include="GeneratedFiles\Debug\moc_cmailitemwidget.cpp">
      <Filter>Generated Files\Debug</Filter>
    </ClCompile>
    <ClCompile Include="GeneratedFiles\Release\moc_cmailitemwidget.cpp">
      <Filter>Generated Files\Release</Filter>
    </ClCompile>
    <ClCompile Include="GeneratedFiles\Debug\moc_cmailsearch.cpp">
      <Filter>Generated Files\Debug</Filter>
    </ClCompile>
    <ClCompile Include="GeneratedFiles\Release\moc_cmailsearch.cpp">
      <Filter>Generated Files\Release</Filter>
    </ClCompile>
    <ClCompile Include="GeneratedFiles\Debug\moc_cmythread.cpp">
      <Filter>Generated Files\Debug</Filter>
    </ClCompile>
    <ClCompile Include="GeneratedFiles\Release\moc_cmythread.cpp">
      <Filter>Generated Files\Release</Filter>
    </ClCompile>
    <ClCompile Include="GeneratedFiles\Debug\moc_cnetdiswidget.cpp">
      <Filter>Generated Files\Debug</Filter>
    </ClCompile>
    <ClCompile Include="GeneratedFiles\Release\moc_cnetdiswidget.cpp">
      <Filter>Generated Files\Release</Filter>
    </ClCompile>
    <ClCompile Include="GeneratedFiles\Debug\moc_crolatepoint.cpp">
      <Filter>Generated Files\Debug</Filter>
    </ClCompile>
    <ClCompile Include="GeneratedFiles\Release\moc_crolatepoint.cpp">
      <Filter>Generated Files\Release</Filter>
    </ClCompile>
    <ClCompile Include="GeneratedFiles\Debug\moc_ctoolbox.cpp">
      <Filter>Generated Files\Debug</Filter>
    </ClCompile>
    <ClCompile Include="GeneratedFiles\Release\moc_ctoolbox.cpp">
      <Filter>Generated Files\Release</Filter>
    </ClCompile>
    <ClCompile Include="GeneratedFiles\Debug\moc_fbl_message_box.cpp">
      <Filter>Generated Files\Debug</Filter>
    </ClCompile>
    <ClCompile Include="GeneratedFiles\Release\moc_fbl_message_box.cpp">
      <Filter>Generated Files\Release</Filter>
    </ClCompile>
    <ClCompile Include="GeneratedFiles\Debug\moc_fblsetwidget.cpp">
      <Filter>Generated Files\Debug</Filter>
    </ClCompile>
    <ClCompile Include="GeneratedFiles\Release\moc_fblsetwidget.cpp">
      <Filter>Generated Files\Release</Filter>
    </ClCompile>
    <ClCompile Include="GeneratedFiles\Debug\moc_feedbackwidget.cpp">
      <Filter>Generated Files\Debug</Filter>
    </ClCompile>
    <ClCompile Include="GeneratedFiles\Release\moc_feedbackwidget.cpp">
      <Filter>Generated Files\Release</Filter>
    </ClCompile>
    <ClCompile Include="GeneratedFiles\Debug\moc_UpdateWidget.cpp">
      <Filter>Generated Files\Debug</Filter>
    </ClCompile>
    <ClCompile Include="GeneratedFiles\Release\moc_UpdateWidget.cpp">
      <Filter>Generated Files\Release</Filter>
    </ClCompile>
  </ItemGroup>
  <ItemGroup>
    <CustomBuild Include="cloud_terminal.h">
      <Filter>Header Files</Filter>
    </CustomBuild>
    <CustomBuild Include="cloud_terminal.ui">
      <Filter>Form Files</Filter>
    </CustomBuild>
    <CustomBuild Include="cloud_terminal.qrc">
      <Filter>Resource Files</Filter>
    </CustomBuild>
    <CustomBuild Include="mainwindow.h">
      <Filter>Header Files</Filter>
    </CustomBuild>
    <CustomBuild Include="clabel.h">
      <Filter>Header Files</Filter>
    </CustomBuild>
    <CustomBuild Include="cusercard.h">
      <Filter>Header Files</Filter>
    </CustomBuild>
    <CustomBuild Include="myclicklabel.h">
      <Filter>Header Files</Filter>
    </CustomBuild>
    <CustomBuild Include="mytextedit.h">
      <Filter>Header Files</Filter>
    </CustomBuild>
    <CustomBuild Include="togglebutton.h">
      <Filter>Header Files</Filter>
    </CustomBuild>
    <CustomBuild Include="zc_message_box.h">
      <Filter>Header Files</Filter>
    </CustomBuild>
    <CustomBuild Include="cuserpicpanel.h">
      <Filter>Header Files</Filter>
    </CustomBuild>
    <CustomBuild Include="mylabel.h">
      <Filter>Header Files</Filter>
    </CustomBuild>
    <CustomBuild Include="cleftarrawpwdedit.h">
      <Filter>Header Files</Filter>
    </CustomBuild>
    <CustomBuild Include="chostlist.h">
      <Filter>Header Files</Filter>
    </CustomBuild>
    <CustomBuild Include="cnetaboutspilter.h">
      <Filter>Header Files</Filter>
    </CustomBuild>
    <CustomBuild Include="cmenuwidget.h">
      <Filter>Header Files</Filter>
    </CustomBuild>
    <CustomBuild Include="SpiceMulViewer.h">
      <Filter>Header Files</Filter>
    </CustomBuild>
    <CustomBuild Include="menu_box.h">
      <Filter>Header Files</Filter>
    </CustomBuild>
    <CustomBuild Include="cdiagnoseitem.h">
      <Filter>Header Files</Filter>
    </CustomBuild>
    <CustomBuild Include="cesulabel.h">
      <Filter>Header Files</Filter>
    </CustomBuild>
    <CustomBuild Include="cfblbutton.h">
      <Filter>Header Files</Filter>
    </CustomBuild>
    <CustomBuild Include="cloading.h">
      <Filter>Header Files</Filter>
    </CustomBuild>
    <CustomBuild Include="clogthred.h">
      <Filter>Header Files</Filter>
    </CustomBuild>
    <CustomBuild Include="cmailboxwidget.h">
      <Filter>Header Files</Filter>
    </CustomBuild>
    <CustomBuild Include="cmaildelwidget.h">
      <Filter>Header Files</Filter>
    </CustomBuild>
    <CustomBuild Include="cmailitemwidget.h">
      <Filter>Header Files</Filter>
    </CustomBuild>
    <CustomBuild Include="cmailsearch.h">
      <Filter>Header Files</Filter>
    </CustomBuild>
    <CustomBuild Include="cmythread.h">
      <Filter>Header Files</Filter>
    </CustomBuild>
    <CustomBuild Include="cnetdiswidget.h">
      <Filter>Header Files</Filter>
    </CustomBuild>
    <CustomBuild Include="crolatepoint.h">
      <Filter>Header Files</Filter>
    </CustomBuild>
    <CustomBuild Include="ctoolbox.h">
      <Filter>Header Files</Filter>
    </CustomBuild>
    <CustomBuild Include="fbl_message_box.h">
      <Filter>Header Files</Filter>
    </CustomBuild>
    <CustomBuild Include="fblsetwidget.h">
      <Filter>Header Files</Filter>
    </CustomBuild>
    <CustomBuild Include="feedbackwidget.h">
      <Filter>Header Files</Filter>
    </CustomBuild>
    <CustomBuild Include="UpdateWidget.h">
      <Filter>Header Files</Filter>
    </CustomBuild>
  </ItemGroup>
  <ItemGroup>
    <ClInclude Include="GeneratedFiles\ui_cloud_terminal.h">
      <Filter>Generated Files</Filter>
    </ClInclude>
    <ClInclude Include="util.h">
      <Filter>Header Files</Filter>
    </ClInclude>
    <ClInclude Include="common.h">
      <Filter>Header Files</Filter>
    </ClInclude>
    <ClInclude Include="log.h">
      <Filter>Header Files</Filter>
    </ClInclude>
    <ClInclude Include="resource.h">
      <Filter>Header Files</Filter>
    </ClInclude>
    <ClInclude Include="singleton.h">
      <Filter>Header Files</Filter>
    </ClInclude>
    <ClInclude Include="ringlist.h">
      <Filter>Header Files</Filter>
    </ClInclude>
    <ClInclude Include="common_operater.h">
      <Filter>Header Files</Filter>
    </ClInclude>
    <ClInclude Include="getway.h">
      <Filter>Header Files</Filter>
    </ClInclude>
    <ClInclude Include="mylog.h">
      <Filter>Header Files</Filter>
    </ClInclude>
    <ClInclude Include="qrectevent.h">
      <Filter>Header Files</Filter>
    </ClInclude>
    <ClInclude Include="ui_cloud_terminal.h">
      <Filter>Header Files</Filter>
    </ClInclude>
  </ItemGroup>
  <ItemGroup>
    <Text Include="release_notes.txt" />
  </ItemGroup>
  <ItemGroup>
    <None Include="cloud_terminal_zh.ts">
      <Filter>Translation Files</Filter>
    </None>
  </ItemGroup>
</Project>